
Microsoft Visual Studio Solution File, Format Version 12.00
# Visual Studio Version 17
VisualStudioVersion = 17.3.32811.315
MinimumVisualStudioVersion = 10.0.40219.1
Project("{FAE04EC0-301F-11D3-BF4B-00C04F79EFBC}") = "String Interpolation", "String Interpolation\String Interpolation.csproj", "{DEDAF23F-C826-4D4C-89F5-A3FF6261B93F}"
EndProject
Global
	GlobalSection(SolutionConfigurationPlatforms) = preSolution
		Debug|Any CPU = Debug|Any CPU
		Release|Any CPU = Release|Any CPU
	EndGlobalSection
	GlobalSection(ProjectConfigurationPlatforms) = postSolution
		{DEDAF23F-C826-4D4C-89F5-A3FF6261B93F}.Debug|Any CPU.ActiveCfg = Debug|Any CPU
		{DEDAF23F-C826-4D4C-89F5-A3FF6261B93F}.Debug|Any CPU.Build.0 = Debug|Any CPU
		{DEDAF23F-C826-4D4C-89F5-A3FF6261B93F}.Release|Any CPU.ActiveCfg = Release|Any CPU
		{DEDAF23F-C826-4D4C-89F5-A3FF6261B93F}.Release|Any CPU.Build.0 = Release|Any CPU
	EndGlobalSection
	GlobalSection(SolutionProperties) = preSolution
		HideSolutionNode = FALSE
	EndGlobalSection
	GlobalSection(ExtensibilityGlobals) = postSolution
		SolutionGuid = {AB465A4D-61B6-4A8A-974F-3EB0357F9EFF}
	EndGlobalSection
EndGlobal
